
Microsoft Visual Studio Solution File, Format Version 12.00
# Visual Studio Version 17
VisualStudioVersion = 17.13.35828.75 d17.13
MinimumVisualStudioVersion = 10.0.40219.1
Project("{FAE04EC0-301F-11D3-BF4B-00C04F79EFBC}") = "DP.WebAPI", "DP.WebAPI\DP.WebAPI.csproj", "{1AFD2C22-F590-4774-86BA-CB8FB0F1758E}"
EndProject
Project("{FAE04EC0-301F-11D3-BF4B-00C04F79EFBC}") = "DP.Application", "DP.Application\DP.Application.csproj", "{B6D0032F-A58A-4795-B701-622CBE3FAB51}"
EndProject
Project("{FAE04EC0-301F-11D3-BF4B-00C04F79EFBC}") = "DP.Domain", "DP.Domain\DP.Domain.csproj", "{DB4E55A5-E073-4186-80FF-692C4931DC20}"
EndProject
Project("{FAE04EC0-301F-11D3-BF4B-00C04F79EFBC}") = "DP.Infrastructure", "DP.Infrastructure\DP.Infrastructure.csproj", "{780AE67E-3B8A-4ED5-9BE5-0DDFF9D7A5C3}"
EndProject
Global
	GlobalSection(SolutionConfigurationPlatforms) = preSolution
		Debug|Any CPU = Debug|Any CPU
		Release|Any CPU = Release|Any CPU
	EndGlobalSection
	GlobalSection(ProjectConfigurationPlatforms) = postSolution
		{1AFD2C22-F590-4774-86BA-CB8FB0F1758E}.Debug|Any CPU.ActiveCfg = Debug|Any CPU
		{1AFD2C22-F590-4774-86BA-CB8FB0F1758E}.Debug|Any CPU.Build.0 = Debug|Any CPU
		{1AFD2C22-F590-4774-86BA-CB8FB0F1758E}.Release|Any CPU.ActiveCfg = Release|Any CPU
		{1AFD2C22-F590-4774-86BA-CB8FB0F1758E}.Release|Any CPU.Build.0 = Release|Any CPU
		{B6D0032F-A58A-4795-B701-622CBE3FAB51}.Debug|Any CPU.ActiveCfg = Debug|Any CPU
		{B6D0032F-A58A-4795-B701-622CBE3FAB51}.Debug|Any CPU.Build.0 = Debug|Any CPU
		{B6D0032F-A58A-4795-B701-622CBE3FAB51}.Release|Any CPU.ActiveCfg = Release|Any CPU
		{B6D0032F-A58A-4795-B701-622CBE3FAB51}.Release|Any CPU.Build.0 = Release|Any CPU
		{DB4E55A5-E073-4186-80FF-692C4931DC20}.Debug|Any CPU.ActiveCfg = Debug|Any CPU
		{DB4E55A5-E073-4186-80FF-692C4931DC20}.Debug|Any CPU.Build.0 = Debug|Any CPU
		{DB4E55A5-E073-4186-80FF-692C4931DC20}.Release|Any CPU.ActiveCfg = Release|Any CPU
		{DB4E55A5-E073-4186-80FF-692C4931DC20}.Release|Any CPU.Build.0 = Release|Any CPU
		{780AE67E-3B8A-4ED5-9BE5-0DDFF9D7A5C3}.Debug|Any CPU.ActiveCfg = Debug|Any CPU
		{780AE67E-3B8A-4ED5-9BE5-0DDFF9D7A5C3}.Debug|Any CPU.Build.0 = Debug|Any CPU
		{780AE67E-3B8A-4ED5-9BE5-0DDFF9D7A5C3}.Release|Any CPU.ActiveCfg = Release|Any CPU
		{780AE67E-3B8A-4ED5-9BE5-0DDFF9D7A5C3}.Release|Any CPU.Build.0 = Release|Any CPU
	EndGlobalSection
	GlobalSection(SolutionProperties) = preSolution
		HideSolutionNode = FALSE
	EndGlobalSection
	GlobalSection(ExtensibilityGlobals) = postSolution
		SolutionGuid = {97F53067-785D-4C56-9BBE-45814E6348E2}
	EndGlobalSection
EndGlobal
